
Microsoft Visual Studio Solution File, Format Version 12.00
# Visual Studio Version 17
VisualStudioVersion = 17.0.32014.148
MinimumVisualStudioVersion = 10.0.40219.1
Project("{FAE04EC0-301F-11D3-BF4B-00C04F79EFBC}") = "pipeline", "pipeline\pipeline.csproj", "{C5FD4540-CB9F-4D7E-A5D9-6284E4A3C706}"
EndProject
Global
	GlobalSection(SolutionConfigurationPlatforms) = preSolution
		Debug|Any CPU = Debug|Any CPU
		Release|Any CPU = Release|Any CPU
	EndGlobalSection
	GlobalSection(ProjectConfigurationPlatforms) = postSolution
		{C5FD4540-CB9F-4D7E-A5D9-6284E4A3C706}.Debug|Any CPU.ActiveCfg = Debug|Any CPU
		{C5FD4540-CB9F-4D7E-A5D9-6284E4A3C706}.Debug|Any CPU.Build.0 = Debug|Any CPU
		{C5FD4540-CB9F-4D7E-A5D9-6284E4A3C706}.Release|Any CPU.ActiveCfg = Release|Any CPU
		{C5FD4540-CB9F-4D7E-A5D9-6284E4A3C706}.Release|Any CPU.Build.0 = Release|Any CPU
	EndGlobalSection
	GlobalSection(SolutionProperties) = preSolution
		HideSolutionNode = FALSE
	EndGlobalSection
	GlobalSection(ExtensibilityGlobals) = postSolution
		SolutionGuid = {736C70A7-166E-4A7E-92DD-ECA2AC349DC9}
	EndGlobalSection
EndGlobal
